
Microsoft Visual Studio Solution File, Format Version 12.00
# Visual Studio Version 16
VisualStudioVersion = 16.0.30114.105
MinimumVisualStudioVersion = 10.0.40219.1
Project("{FAE04EC0-301F-11D3-BF4B-00C04F79EFBC}") = "p1StoreApplication1", "p1StoreApp\p1StoreApplication1.csproj", "{24216657-E84D-4D6B-B381-D62F1DB7B4A6}"
EndProject
Project("{FAE04EC0-301F-11D3-BF4B-00C04F79EFBC}") = "storeAppDomain", "storeAppDomain\storeAppDomain.csproj", "{18654635-DBF7-4F90-A8AE-B110AE6C946A}"
EndProject
Project("{FAE04EC0-301F-11D3-BF4B-00C04F79EFBC}") = "storeAppStorage", "storeAppStorage\storeAppStorage.csproj", "{E6F88ABD-FA24-4A9B-B184-556FE7B8DAC3}"
EndProject
Project("{FAE04EC0-301F-11D3-BF4B-00C04F79EFBC}") = "storeAppModel", "storeAppModel\storeAppModel.csproj", "{D627F5E2-6B86-45F6-9FF8-5535FBFA9A21}"
EndProject
Global
	GlobalSection(SolutionConfigurationPlatforms) = preSolution
		Debug|Any CPU = Debug|Any CPU
		Release|Any CPU = Release|Any CPU
	EndGlobalSection
	GlobalSection(SolutionProperties) = preSolution
		HideSolutionNode = FALSE
	EndGlobalSection
	GlobalSection(ProjectConfigurationPlatforms) = postSolution
		{24216657-E84D-4D6B-B381-D62F1DB7B4A6}.Debug|Any CPU.ActiveCfg = Debug|Any CPU
		{24216657-E84D-4D6B-B381-D62F1DB7B4A6}.Debug|Any CPU.Build.0 = Debug|Any CPU
		{24216657-E84D-4D6B-B381-D62F1DB7B4A6}.Release|Any CPU.ActiveCfg = Release|Any CPU
		{24216657-E84D-4D6B-B381-D62F1DB7B4A6}.Release|Any CPU.Build.0 = Release|Any CPU
		{18654635-DBF7-4F90-A8AE-B110AE6C946A}.Debug|Any CPU.ActiveCfg = Debug|Any CPU
		{18654635-DBF7-4F90-A8AE-B110AE6C946A}.Debug|Any CPU.Build.0 = Debug|Any CPU
		{18654635-DBF7-4F90-A8AE-B110AE6C946A}.Release|Any CPU.ActiveCfg = Release|Any CPU
		{18654635-DBF7-4F90-A8AE-B110AE6C946A}.Release|Any CPU.Build.0 = Release|Any CPU
		{E6F88ABD-FA24-4A9B-B184-556FE7B8DAC3}.Debug|Any CPU.ActiveCfg = Debug|Any CPU
		{E6F88ABD-FA24-4A9B-B184-556FE7B8DAC3}.Debug|Any CPU.Build.0 = Debug|Any CPU
		{E6F88ABD-FA24-4A9B-B184-556FE7B8DAC3}.Release|Any CPU.ActiveCfg = Release|Any CPU
		{E6F88ABD-FA24-4A9B-B184-556FE7B8DAC3}.Release|Any CPU.Build.0 = Release|Any CPU
		{D627F5E2-6B86-45F6-9FF8-5535FBFA9A21}.Debug|Any CPU.ActiveCfg = Debug|Any CPU
		{D627F5E2-6B86-45F6-9FF8-5535FBFA9A21}.Debug|Any CPU.Build.0 = Debug|Any CPU
		{D627F5E2-6B86-45F6-9FF8-5535FBFA9A21}.Release|Any CPU.ActiveCfg = Release|Any CPU
		{D627F5E2-6B86-45F6-9FF8-5535FBFA9A21}.Release|Any CPU.Build.0 = Release|Any CPU
	EndGlobalSection
EndGlobal
